{
  "name": "@actions/glob",
  "version": "0.1.1",
  "lockfileVersion": 1,
  "requires": true,
  "dependencies": {
    "@actions/core": {
      "version": "1.2.6",
      "resolved": "https://registry.npmjs.org/@actions/core/-/core-1.2.6.tgz",
      "integrity": "sha512-ZQYitnqiyBc3D+k7LsgSBmMDVkOVidaagDG7j3fOym77jNunWRuYx7VSHa9GNfFZh+zh61xsCjRj4JxMZlDqTA=="
    },
    "balanced-match": {
      "version": "3.0.1",
      "resolved": "https://registry.npmjs.org/balanced-match/-/balanced-match-3.0.1.tgz",
      "integrity": "sha512-vjtV3hiLqYDNRoiAv0zC4QaGAMPomEoq83PRmYIofPswwZurCeWR5LByXm7SyoL0Zh5+2z0+HC7jG8gSZJUh0w=="
    },
    "brace-expansion": {
      "version": "4.0.1",
      "resolved": "https://registry.npmjs.org/brace-expansion/-/brace-expansion-4.0.1.tgz",
      "integrity": "sha512-YClrbvTCXGe70pU2JiEiPLYXO9gQkyxYeKpJIQHVS/gOs6EWMQP2RYBwjFLNT322Ji8TOC3IMPfsYCedNpzKfA==",
      "requires": {
        "balanced-match": "^3.0.0"
      }
    },
    "minimatch": {
      "version": "10.0.2",
      "resolved": "https://registry.npmjs.org/minimatch/-/minimatch-10.0.2.tgz",
      "integrity": "sha512-+9TJCIYXgZ2Dm5LxVCFsa8jOm+evMwXHFI0JM1XROmkfkpz8/iLLDh+TwSmyIBrs6C6Xu9294/fq8cBA+P6AqA==",
      "requires": {
        "brace-expansion": "^4.0.1"
      }
    }
  }
}
